
Microsoft Visual Studio Solution File, Format Version 12.00
# Visual Studio Version 17
VisualStudioVersion = 17.7.34024.191
MinimumVisualStudioVersion = 10.0.40219.1
Project("{8BC9CEB8-8B4A-11D0-8D11-00A0C91BC942}") = "Laba3Narkevich", "Laba3Narkevich.vcxproj", "{D87DB388-5ECA-43E8-B87B-2C29660A9BBF}"
EndProject
Global
	GlobalSection(SolutionConfigurationPlatforms) = preSolution
		Debug|x64 = Debug|x64
		Debug|x86 = Debug|x86
		Release|x64 = Release|x64
		Release|x86 = Release|x86
	EndGlobalSection
	GlobalSection(ProjectConfigurationPlatforms) = postSolution
		{D87DB388-5ECA-43E8-B87B-2C29660A9BBF}.Debug|x64.ActiveCfg = Debug|x64
		{D87DB388-5ECA-43E8-B87B-2C29660A9BBF}.Debug|x64.Build.0 = Debug|x64
		{D87DB388-5ECA-43E8-B87B-2C29660A9BBF}.Debug|x86.ActiveCfg = Debug|Win32
		{D87DB388-5ECA-43E8-B87B-2C29660A9BBF}.Debug|x86.Build.0 = Debug|Win32
		{D87DB388-5ECA-43E8-B87B-2C29660A9BBF}.Release|x64.ActiveCfg = Release|x64
		{D87DB388-5ECA-43E8-B87B-2C29660A9BBF}.Release|x64.Build.0 = Release|x64
		{D87DB388-5ECA-43E8-B87B-2C29660A9BBF}.Release|x86.ActiveCfg = Release|Win32
		{D87DB388-5ECA-43E8-B87B-2C29660A9BBF}.Release|x86.Build.0 = Release|Win32
	EndGlobalSection
	GlobalSection(SolutionProperties) = preSolution
		HideSolutionNode = FALSE
	EndGlobalSection
	GlobalSection(ExtensibilityGlobals) = postSolution
		SolutionGuid = {5914B9C8-8B91-427D-8183-AB665AED8E56}
	EndGlobalSection
EndGlobal
